// !$*UTF8*$!
{
	archiveVersion = 1;
	classes = {
	};
	objectVersion = 45;
	objects = {

/* Begin PBXBuildFile section */
		1D60589B0D05DD56006BFB54 /* main.m in Sources */ = {isa = PBXBuildFile; fileRef = 29B97316FDCFA39411CA2CEA /* main.m */; };
		1D60589F0D05DD5A006BFB54 /* Foundation.framework in Frameworks */ = {isa = PBXBuildFile; fileRef = 1D30AB110D05D00D00671497 /* Foundation.framework */; };
		1DF5F4E00D08C38300B7A737 /* UIKit.framework in Frameworks */ = {isa = PBXBuildFile; fileRef = 1DF5F4DF0D08C38300B7A737 /* UIKit.framework */; };
		288765FD0DF74451002DB57D /* CoreGraphics.framework in Frameworks */ = {isa = PBXBuildFile; fileRef = 288765FC0DF74451002DB57D /* CoreGraphics.framework */; };
		28AD733F0D9D9553002E5188 /* MainWindow.xib in Resources */ = {isa = PBXBuildFile; fileRef = 28AD733E0D9D9553002E5188 /* MainWindow.xib */; };
		580893AA11BCEDA6006366DD /* OverviewViewController.mm in Sources */ = {isa = PBXBuildFile; fileRef = 580893A911BCEDA6006366DD /* OverviewViewController.mm */; };
		580893AC11BCEDB9006366DD /* LibraryView.xib in Resources */ = {isa = PBXBuildFile; fileRef = 580893AB11BCEDB9006366DD /* LibraryView.xib */; };
		580893AE11BCEDCA006366DD /* LibraryView_iPad.xib in Resources */ = {isa = PBXBuildFile; fileRef = 580893AD11BCEDCA006366DD /* LibraryView_iPad.xib */; };
		580893DE11BCF321006366DD /* OverviewPageViewController.mm in Sources */ = {isa = PBXBuildFile; fileRef = 580893DD11BCF321006366DD /* OverviewPageViewController.mm */; };
		580893E111BCF33A006366DD /* OverviewItemView.mm in Sources */ = {isa = PBXBuildFile; fileRef = 580893E011BCF33A006366DD /* OverviewItemView.mm */; };
		580893EA11BCF56A006366DD /* LibraryPageView.xib in Resources */ = {isa = PBXBuildFile; fileRef = 580893E911BCF56A006366DD /* LibraryPageView.xib */; };
		580893EC11BCF578006366DD /* LibraryPageView_iPad.xib in Resources */ = {isa = PBXBuildFile; fileRef = 580893EB11BCF578006366DD /* LibraryPageView_iPad.xib */; };
		580893FD11BCF8BE006366DD /* RecordModel.mm in Sources */ = {isa = PBXBuildFile; fileRef = 580893FC11BCF8BE006366DD /* RecordModel.mm */; };
		580D3AB61182F0E60048057B /* ArticleNavigationViewController.xib in Resources */ = {isa = PBXBuildFile; fileRef = 580D3AB41182F0E60048057B /* ArticleNavigationViewController.xib */; };
		580D3AC81182F2E90048057B /* MainViewController.xib in Resources */ = {isa = PBXBuildFile; fileRef = 580D3AC61182F2E90048057B /* MainViewController.xib */; };
		582C2D4111859227002CFEA1 /* QuartzCore.framework in Frameworks */ = {isa = PBXBuildFile; fileRef = 582C2D4011859227002CFEA1 /* QuartzCore.framework */; };
		5837C58B11B50F8D00BFD023 /* Content in Resources */ = {isa = PBXBuildFile; fileRef = 5837C56A11B50F8C00BFD023 /* Content */; };
		5846DA9011A599E30042C637 /* RecordNavigationViewController.mm in Sources */ = {isa = PBXBuildFile; fileRef = 5846DA8E11A599E30042C637 /* RecordNavigationViewController.mm */; };
		585EB87A11B7D9E300BDDD2E /* RecordWebView.m in Sources */ = {isa = PBXBuildFile; fileRef = 585EB87911B7D9E300BDDD2E /* RecordWebView.m */; };
		5861C58B11A29651005C9AAA /* RecordNavigationLeftItem.m in Sources */ = {isa = PBXBuildFile; fileRef = 5861C58A11A29651005C9AAA /* RecordNavigationLeftItem.m */; };
		5861C59011A2990A005C9AAA /* btn_back.png in Resources */ = {isa = PBXBuildFile; fileRef = 5861C58E11A2990A005C9AAA /* btn_back.png */; };
		5861C59111A2990A005C9AAA /* btn_toc.png in Resources */ = {isa = PBXBuildFile; fileRef = 5861C58F11A2990A005C9AAA /* btn_toc.png */; };
		5861C5A811A29FFC005C9AAA /* ArticleViewController_iPad.xib in Resources */ = {isa = PBXBuildFile; fileRef = 5861C5A611A29FFC005C9AAA /* ArticleViewController_iPad.xib */; };
		5861C5A911A29FFC005C9AAA /* ArticleViewController.xib in Resources */ = {isa = PBXBuildFile; fileRef = 5861C5A711A29FFC005C9AAA /* ArticleViewController.xib */; };
		5861C5AC11A2A006005C9AAA /* RecordViewController.mm in Sources */ = {isa = PBXBuildFile; fileRef = 5861C5AB11A2A006005C9AAA /* RecordViewController.mm */; };
		5861C5F311A2A5BB005C9AAA /* RecordSelectorViewController.mm in Sources */ = {isa = PBXBuildFile; fileRef = 5861C5F211A2A5BB005C9AAA /* RecordSelectorViewController.mm */; };
		586365E411A141D30045773E /* MainWindow_iPad.xib in Resources */ = {isa = PBXBuildFile; fileRef = 586365E311A141D30045773E /* MainWindow_iPad.xib */; };
		5863663611A148460045773E /* MainViewController_iPad.xib in Resources */ = {isa = PBXBuildFile; fileRef = 5863663511A148460045773E /* MainViewController_iPad.xib */; };
		5863664611A149610045773E /* ArticleNavigationViewController_iPad.xib in Resources */ = {isa = PBXBuildFile; fileRef = 5863664511A149610045773E /* ArticleNavigationViewController_iPad.xib */; };
		586369D311A169D40045773E /* MainViewController.mm in Sources */ = {isa = PBXBuildFile; fileRef = 586369D211A169D40045773E /* MainViewController.mm */; };
		5863B9901194210200C81242 /* libz.dylib in Frameworks */ = {isa = PBXBuildFile; fileRef = 5863B98F1194210200C81242 /* libz.dylib */; };
		586A418111C24D2700FB2DC4 /* ImageBrowserView_iPad.xib in Resources */ = {isa = PBXBuildFile; fileRef = 586A418011C24D2700FB2DC4 /* ImageBrowserView_iPad.xib */; };
		586A421E11C26D8F00FB2DC4 /* ImageBrowserViewController.mm in Sources */ = {isa = PBXBuildFile; fileRef = 586A421D11C26D8F00FB2DC4 /* ImageBrowserViewController.mm */; };
		587C0ED511AD47AF004BA812 /* Window.m in Sources */ = {isa = PBXBuildFile; fileRef = 587C0ED411AD47AF004BA812 /* Window.m */; };
		5888EE1611B91A38000F8910 /* BottomNavigationView.xib in Resources */ = {isa = PBXBuildFile; fileRef = 5888EE1511B91A38000F8910 /* BottomNavigationView.xib */; };
		C1D75643120A0B900099810A /* MainPadAppDelegate.mm in Sources */ = {isa = PBXBuildFile; fileRef = C1D75642120A0B900099810A /* MainPadAppDelegate.mm */; };
		C1D7564B120A0BBA0099810A /* ImageView.mm in Sources */ = {isa = PBXBuildFile; fileRef = C1D7564A120A0BBA0099810A /* ImageView.mm */; };
/* End PBXBuildFile section */

/* Begin PBXFileReference section */
		1D30AB110D05D00D00671497 /* Foundation.framework */ = {isa = PBXFileReference; lastKnownFileType = wrapper.framework; name = Foundation.framework; path = System/Library/Frameworks/Foundation.framework; sourceTree = SDKROOT; };
		1D6058910D05DD3D006BFB54 /* WorkshopOne.app */ = {isa = PBXFileReference; explicitFileType = wrapper.application; includeInIndex = 0; path = WorkshopOne.app; sourceTree = BUILT_PRODUCTS_DIR; };
		1DF5F4DF0D08C38300B7A737 /* UIKit.framework */ = {isa = PBXFileReference; lastKnownFileType = wrapper.framework; name = UIKit.framework; path = System/Library/Frameworks/UIKit.framework; sourceTree = SDKROOT; };
		288765FC0DF74451002DB57D /* CoreGraphics.framework */ = {isa = PBXFileReference; lastKnownFileType = wrapper.framework; name = CoreGraphics.framework; path = System/Library/Frameworks/CoreGraphics.framework; sourceTree = SDKROOT; };
		28AD733E0D9D9553002E5188 /* MainWindow.xib */ = {isa = PBXFileReference; lastKnownFileType = file.xib; path = MainWindow.xib; sourceTree = "<group>"; };
		29B97316FDCFA39411CA2CEA /* main.m */ = {isa = PBXFileReference; fileEncoding = 4; lastKnownFileType = sourcecode.c.objc; path = main.m; sourceTree = "<group>"; };
		32CA4F630368D1EE00C91783 /* WorkshopOne_Prefix.pch */ = {isa = PBXFileReference; fileEncoding = 4; lastKnownFileType = sourcecode.c.h; path = WorkshopOne_Prefix.pch; sourceTree = "<group>"; };
		580893A811BCEDA6006366DD /* OverviewViewController.h */ = {isa = PBXFileReference; fileEncoding = 4; lastKnownFileType = sourcecode.c.h; path = OverviewViewController.h; sourceTree = "<group>"; };
		580893A911BCEDA6006366DD /* OverviewViewController.mm */ = {isa = PBXFileReference; fileEncoding = 4; lastKnownFileType = sourcecode.cpp.objcpp; path = OverviewViewController.mm; sourceTree = "<group>"; };
		580893AB11BCEDB9006366DD /* LibraryView.xib */ = {isa = PBXFileReference; lastKnownFileType = file.xib; path = LibraryView.xib; sourceTree = "<group>"; };
		580893AD11BCEDCA006366DD /* LibraryView_iPad.xib */ = {isa = PBXFileReference; lastKnownFileType = file.xib; path = LibraryView_iPad.xib; sourceTree = "<group>"; };
		580893DC11BCF321006366DD /* OverviewPageViewController.h */ = {isa = PBXFileReference; fileEncoding = 4; lastKnownFileType = sourcecode.c.h; path = OverviewPageViewController.h; sourceTree = "<group>"; };
		580893DD11BCF321006366DD /* OverviewPageViewController.mm */ = {isa = PBXFileReference; fileEncoding = 4; lastKnownFileType = sourcecode.cpp.objcpp; path = OverviewPageViewController.mm; sourceTree = "<group>"; };
		580893DF11BCF33A006366DD /* OverviewItemView.h */ = {isa = PBXFileReference; fileEncoding = 4; lastKnownFileType = sourcecode.c.h; path = OverviewItemView.h; sourceTree = "<group>"; };
		580893E011BCF33A006366DD /* OverviewItemView.mm */ = {isa = PBXFileReference; fileEncoding = 4; lastKnownFileType = sourcecode.cpp.objcpp; path = OverviewItemView.mm; sourceTree = "<group>"; };
		580893E911BCF56A006366DD /* LibraryPageView.xib */ = {isa = PBXFileReference; lastKnownFileType = file.xib; path = LibraryPageView.xib; sourceTree = "<group>"; };
		580893EB11BCF578006366DD /* LibraryPageView_iPad.xib */ = {isa = PBXFileReference; lastKnownFileType = file.xib; path = LibraryPageView_iPad.xib; sourceTree = "<group>"; };
		580893FB11BCF8BE006366DD /* RecordModel.h */ = {isa = PBXFileReference; fileEncoding = 4; lastKnownFileType = sourcecode.c.h; path = RecordModel.h; sourceTree = "<group>"; };
		580893FC11BCF8BE006366DD /* RecordModel.mm */ = {isa = PBXFileReference; fileEncoding = 4; lastKnownFileType = sourcecode.cpp.objcpp; path = RecordModel.mm; sourceTree = "<group>"; };
		580D3AB21182F0E60048057B /* RecordNavigationViewController.h */ = {isa = PBXFileReference; fileEncoding = 4; lastKnownFileType = sourcecode.c.h; path = RecordNavigationViewController.h; sourceTree = "<group>"; };
		580D3AB41182F0E60048057B /* ArticleNavigationViewController.xib */ = {isa = PBXFileReference; lastKnownFileType = file.xib; name = ArticleNavigationViewController.xib; path = Classes/ArticleNavigationViewController.xib; sourceTree = "<group>"; };
		580D3AC41182F2E90048057B /* MainViewController.h */ = {isa = PBXFileReference; fileEncoding = 4; lastKnownFileType = sourcecode.c.h; path = MainViewController.h; sourceTree = "<group>"; };
		580D3AC61182F2E90048057B /* MainViewController.xib */ = {isa = PBXFileReference; lastKnownFileType = file.xib; name = MainViewController.xib; path = Classes/MainViewController.xib; sourceTree = "<group>"; };
		582C2D4011859227002CFEA1 /* QuartzCore.framework */ = {isa = PBXFileReference; lastKnownFileType = wrapper.framework; name = QuartzCore.framework; path = System/Library/Frameworks/QuartzCore.framework; sourceTree = SDKROOT; };
		5837C56A11B50F8C00BFD023 /* Content */ = {isa = PBXFileReference; lastKnownFileType = folder; path = Content; sourceTree = "<group>"; };
		5846DA8E11A599E30042C637 /* RecordNavigationViewController.mm */ = {isa = PBXFileReference; fileEncoding = 4; lastKnownFileType = sourcecode.cpp.objcpp; path = RecordNavigationViewController.mm; sourceTree = "<group>"; };
		585EB87811B7D9E300BDDD2E /* RecordWebView.h */ = {isa = PBXFileReference; fileEncoding = 4; lastKnownFileType = sourcecode.c.h; path = RecordWebView.h; sourceTree = "<group>"; };
		585EB87911B7D9E300BDDD2E /* RecordWebView.m */ = {isa = PBXFileReference; fileEncoding = 4; lastKnownFileType = sourcecode.c.objc; path = RecordWebView.m; sourceTree = "<group>"; };
		5861C58911A29651005C9AAA /* RecordNavigationLeftItem.h */ = {isa = PBXFileReference; fileEncoding = 4; lastKnownFileType = sourcecode.c.h; path = RecordNavigationLeftItem.h; sourceTree = "<group>"; };
		5861C58A11A29651005C9AAA /* RecordNavigationLeftItem.m */ = {isa = PBXFileReference; fileEncoding = 4; lastKnownFileType = sourcecode.c.objc; path = RecordNavigationLeftItem.m; sourceTree = "<group>"; };
		5861C58E11A2990A005C9AAA /* btn_back.png */ = {isa = PBXFileReference; lastKnownFileType = image.png; name = btn_back.png; path = Images/btn_back.png; sourceTree = "<group>"; };
		5861C58F11A2990A005C9AAA /* btn_toc.png */ = {isa = PBXFileReference; lastKnownFileType = image.png; name = btn_toc.png; path = Images/btn_toc.png; sourceTree = "<group>"; };
		5861C5A611A29FFC005C9AAA /* ArticleViewController_iPad.xib */ = {isa = PBXFileReference; lastKnownFileType = file.xib; name = ArticleViewController_iPad.xib; path = Classes/ArticleViewController_iPad.xib; sourceTree = "<group>"; };
		5861C5A711A29FFC005C9AAA /* ArticleViewController.xib */ = {isa = PBXFileReference; lastKnownFileType = file.xib; name = ArticleViewController.xib; path = Classes/ArticleViewController.xib; sourceTree = "<group>"; };
		5861C5AA11A2A006005C9AAA /* RecordViewController.h */ = {isa = PBXFileReference; fileEncoding = 4; lastKnownFileType = sourcecode.c.h; path = RecordViewController.h; sourceTree = "<group>"; };
		5861C5AB11A2A006005C9AAA /* RecordViewController.mm */ = {isa = PBXFileReference; fileEncoding = 4; lastKnownFileType = sourcecode.cpp.objcpp; path = RecordViewController.mm; sourceTree = "<group>"; };
		5861C5F111A2A5BB005C9AAA /* RecordSelectorViewController.h */ = {isa = PBXFileReference; explicitFileType = sourcecode.c.h; fileEncoding = 4; path = RecordSelectorViewController.h; sourceTree = "<group>"; };
		5861C5F211A2A5BB005C9AAA /* RecordSelectorViewController.mm */ = {isa = PBXFileReference; fileEncoding = 4; lastKnownFileType = sourcecode.cpp.objcpp; path = RecordSelectorViewController.mm; sourceTree = "<group>"; };
		586365E311A141D30045773E /* MainWindow_iPad.xib */ = {isa = PBXFileReference; lastKnownFileType = file.xib; path = MainWindow_iPad.xib; sourceTree = "<group>"; };
		5863663511A148460045773E /* MainViewController_iPad.xib */ = {isa = PBXFileReference; lastKnownFileType = file.xib; name = MainViewController_iPad.xib; path = Classes/MainViewController_iPad.xib; sourceTree = "<group>"; };
		5863664511A149610045773E /* ArticleNavigationViewController_iPad.xib */ = {isa = PBXFileReference; lastKnownFileType = file.xib; name = ArticleNavigationViewController_iPad.xib; path = Classes/ArticleNavigationViewController_iPad.xib; sourceTree = "<group>"; };
		586369D211A169D40045773E /* MainViewController.mm */ = {isa = PBXFileReference; fileEncoding = 4; lastKnownFileType = sourcecode.cpp.objcpp; path = MainViewController.mm; sourceTree = "<group>"; };
		5863B98F1194210200C81242 /* libz.dylib */ = {isa = PBXFileReference; lastKnownFileType = "compiled.mach-o.dylib"; name = libz.dylib; path = usr/lib/libz.dylib; sourceTree = SDKROOT; };
		586A418011C24D2700FB2DC4 /* ImageBrowserView_iPad.xib */ = {isa = PBXFileReference; lastKnownFileType = file.xib; path = ImageBrowserView_iPad.xib; sourceTree = "<group>"; };
		586A421C11C26D8F00FB2DC4 /* ImageBrowserViewController.h */ = {isa = PBXFileReference; fileEncoding = 4; lastKnownFileType = sourcecode.c.h; path = ImageBrowserViewController.h; sourceTree = "<group>"; };
		586A421D11C26D8F00FB2DC4 /* ImageBrowserViewController.mm */ = {isa = PBXFileReference; fileEncoding = 4; lastKnownFileType = sourcecode.cpp.objcpp; path = ImageBrowserViewController.mm; sourceTree = "<group>"; };
		587C0ED311AD47AF004BA812 /* Window.h */ = {isa = PBXFileReference; fileEncoding = 4; lastKnownFileType = sourcecode.c.h; path = Window.h; sourceTree = "<group>"; };
		587C0ED411AD47AF004BA812 /* Window.m */ = {isa = PBXFileReference; fileEncoding = 4; lastKnownFileType = sourcecode.c.objc; path = Window.m; sourceTree = "<group>"; };
		5888EE1511B91A38000F8910 /* BottomNavigationView.xib */ = {isa = PBXFileReference; lastKnownFileType = file.xib; path = BottomNavigationView.xib; sourceTree = "<group>"; };
		8D1107310486CEB800E47090 /* WorkshopOne-Info.plist */ = {isa = PBXFileReference; fileEncoding = 4; lastKnownFileType = text.plist.xml; path = "WorkshopOne-Info.plist"; plistStructureDefinitionIdentifier = "com.apple.xcode.plist.structure-definition.iphone.info-plist"; sourceTree = "<group>"; };
		C1D75641120A0B900099810A /* MainPadAppDelegate.h */ = {isa = PBXFileReference; fileEncoding = 4; lastKnownFileType = sourcecode.c.h; path = MainPadAppDelegate.h; sourceTree = "<group>"; };
		C1D75642120A0B900099810A /* MainPadAppDelegate.mm */ = {isa = PBXFileReference; fileEncoding = 4; lastKnownFileType = sourcecode.cpp.objcpp; path = MainPadAppDelegate.mm; sourceTree = "<group>"; };
		C1D75649120A0BBA0099810A /* ImageView.h */ = {isa = PBXFileReference; fileEncoding = 4; lastKnownFileType = sourcecode.c.h; path = ImageView.h; sourceTree = "<group>"; };
		C1D7564A120A0BBA0099810A /* ImageView.mm */ = {isa = PBXFileReference; fileEncoding = 4; lastKnownFileType = sourcecode.cpp.objcpp; path = ImageView.mm; sourceTree = "<group>"; };
/* End PBXFileReference section */

/* Begin PBXFrameworksBuildPhase section */
		1D60588F0D05DD3D006BFB54 /* Frameworks */ = {
			isa = PBXFrameworksBuildPhase;
			buildActionMask = 2147483647;
			files = (
				1D60589F0D05DD5A006BFB54 /* Foundation.framework in Frameworks */,
				1DF5F4E00D08C38300B7A737 /* UIKit.framework in Frameworks */,
				288765FD0DF74451002DB57D /* CoreGraphics.framework in Frameworks */,
				582C2D4111859227002CFEA1 /* QuartzCore.framework in Frameworks */,
				5863B9901194210200C81242 /* libz.dylib in Frameworks */,
			);
			runOnlyForDeploymentPostprocessing = 0;
		};
/* End PBXFrameworksBuildPhase section */

/* Begin PBXGroup section */
		080E96DDFE201D6D7F000001 /* Classes */ = {
			isa = PBXGroup;
			children = (
				C1D75641120A0B900099810A /* MainPadAppDelegate.h */,
				C1D75642120A0B900099810A /* MainPadAppDelegate.mm */,
				5861C5DA11A2A1F1005C9AAA /* Model */,
				580D3E8F118333E90048057B /* ViewControllers */,
				5861C5D611A2A1AA005C9AAA /* Custom Views */,
			);
			path = Classes;
			sourceTree = "<group>";
		};
		19C28FACFE9D520D11CA2CBB /* Products */ = {
			isa = PBXGroup;
			children = (
				1D6058910D05DD3D006BFB54 /* WorkshopOne.app */,
			);
			name = Products;
			sourceTree = "<group>";
		};
		29B97314FDCFA39411CA2CEA /* CustomTemplate */ = {
			isa = PBXGroup;
			children = (
				5837C56A11B50F8C00BFD023 /* Content */,
				080E96DDFE201D6D7F000001 /* Classes */,
				29B97315FDCFA39411CA2CEA /* Other Sources */,
				29B97317FDCFA39411CA2CEA /* Resources */,
				29B97323FDCFA39411CA2CEA /* Frameworks */,
				19C28FACFE9D520D11CA2CBB /* Products */,
			);
			name = CustomTemplate;
			sourceTree = "<group>";
		};
		29B97315FDCFA39411CA2CEA /* Other Sources */ = {
			isa = PBXGroup;
			children = (
				32CA4F630368D1EE00C91783 /* WorkshopOne_Prefix.pch */,
				29B97316FDCFA39411CA2CEA /* main.m */,
			);
			name = "Other Sources";
			sourceTree = "<group>";
		};
		29B97317FDCFA39411CA2CEA /* Resources */ = {
			isa = PBXGroup;
			children = (
				586369BB11A168E20045773E /* Images */,
				586369BC11A168EB0045773E /* XIB */,
				8D1107310486CEB800E47090 /* WorkshopOne-Info.plist */,
			);
			name = Resources;
			sourceTree = "<group>";
		};
		29B97323FDCFA39411CA2CEA /* Frameworks */ = {
			isa = PBXGroup;
			children = (
				582C2D4011859227002CFEA1 /* QuartzCore.framework */,
				1DF5F4DF0D08C38300B7A737 /* UIKit.framework */,
				1D30AB110D05D00D00671497 /* Foundation.framework */,
				288765FC0DF74451002DB57D /* CoreGraphics.framework */,
				5863B98F1194210200C81242 /* libz.dylib */,
			);
			name = Frameworks;
			sourceTree = "<group>";
		};
		580D3E8F118333E90048057B /* ViewControllers */ = {
			isa = PBXGroup;
			children = (
				580D3AC41182F2E90048057B /* MainViewController.h */,
				586369D211A169D40045773E /* MainViewController.mm */,
				580D3AB21182F0E60048057B /* RecordNavigationViewController.h */,
				5846DA8E11A599E30042C637 /* RecordNavigationViewController.mm */,
				5861C5F111A2A5BB005C9AAA /* RecordSelectorViewController.h */,
				5861C5AA11A2A006005C9AAA /* RecordViewController.h */,
				5861C5AB11A2A006005C9AAA /* RecordViewController.mm */,
				5861C5F211A2A5BB005C9AAA /* RecordSelectorViewController.mm */,
				580893A811BCEDA6006366DD /* OverviewViewController.h */,
				580893A911BCEDA6006366DD /* OverviewViewController.mm */,
				580893DC11BCF321006366DD /* OverviewPageViewController.h */,
				580893DD11BCF321006366DD /* OverviewPageViewController.mm */,
				586A421C11C26D8F00FB2DC4 /* ImageBrowserViewController.h */,
				586A421D11C26D8F00FB2DC4 /* ImageBrowserViewController.mm */,
			);
			name = ViewControllers;
			sourceTree = "<group>";
		};
		5861C5D611A2A1AA005C9AAA /* Custom Views */ = {
			isa = PBXGroup;
			children = (
				C1D75648120A0BBA0099810A /* ImageView */,
				585EB87811B7D9E300BDDD2E /* RecordWebView.h */,
				585EB87911B7D9E300BDDD2E /* RecordWebView.m */,
				5861C58911A29651005C9AAA /* RecordNavigationLeftItem.h */,
				5861C58A11A29651005C9AAA /* RecordNavigationLeftItem.m */,
				587C0ED311AD47AF004BA812 /* Window.h */,
				587C0ED411AD47AF004BA812 /* Window.m */,
				580893DF11BCF33A006366DD /* OverviewItemView.h */,
				580893E011BCF33A006366DD /* OverviewItemView.mm */,
			);
			name = "Custom Views";
			sourceTree = "<group>";
		};
		5861C5DA11A2A1F1005C9AAA /* Model */ = {
			isa = PBXGroup;
			children = (
				580893FB11BCF8BE006366DD /* RecordModel.h */,
				580893FC11BCF8BE006366DD /* RecordModel.mm */,
			);
			name = Model;
			sourceTree = "<group>";
		};
		586369BB11A168E20045773E /* Images */ = {
			isa = PBXGroup;
			children = (
				5861C58E11A2990A005C9AAA /* btn_back.png */,
				5861C58F11A2990A005C9AAA /* btn_toc.png */,
			);
			name = Images;
			sourceTree = "<group>";
		};
		586369BC11A168EB0045773E /* XIB */ = {
			isa = PBXGroup;
			children = (
				5861C5A611A29FFC005C9AAA /* ArticleViewController_iPad.xib */,
				5861C5A711A29FFC005C9AAA /* ArticleViewController.xib */,
				5863664511A149610045773E /* ArticleNavigationViewController_iPad.xib */,
				5863663511A148460045773E /* MainViewController_iPad.xib */,
				28AD733E0D9D9553002E5188 /* MainWindow.xib */,
				586365E311A141D30045773E /* MainWindow_iPad.xib */,
				580D3AC61182F2E90048057B /* MainViewController.xib */,
				580D3AB41182F0E60048057B /* ArticleNavigationViewController.xib */,
				5888EE1511B91A38000F8910 /* BottomNavigationView.xib */,
				580893AB11BCEDB9006366DD /* LibraryView.xib */,
				580893AD11BCEDCA006366DD /* LibraryView_iPad.xib */,
				580893E911BCF56A006366DD /* LibraryPageView.xib */,
				580893EB11BCF578006366DD /* LibraryPageView_iPad.xib */,
				586A418011C24D2700FB2DC4 /* ImageBrowserView_iPad.xib */,
			);
			name = XIB;
			sourceTree = "<group>";
		};
		C1D75648120A0BBA0099810A /* ImageView */ = {
			isa = PBXGroup;
			children = (
				C1D75649120A0BBA0099810A /* ImageView.h */,
				C1D7564A120A0BBA0099810A /* ImageView.mm */,
			);
			path = ImageView;
			sourceTree = "<group>";
		};
/* End PBXGroup section */

/* Begin PBXNativeTarget section */
		1D6058900D05DD3D006BFB54 /* WorkshopOne */ = {
			isa = PBXNativeTarget;
			buildConfigurationList = 1D6058960D05DD3E006BFB54 /* Build configuration list for PBXNativeTarget "WorkshopOne" */;
			buildPhases = (
				1D60588D0D05DD3D006BFB54 /* Resources */,
				1D60588E0D05DD3D006BFB54 /* Sources */,
				1D60588F0D05DD3D006BFB54 /* Frameworks */,
			);
			buildRules = (
			);
			dependencies = (
			);
			name = WorkshopOne;
			productName = AkiliPad;
			productReference = 1D6058910D05DD3D006BFB54 /* WorkshopOne.app */;
			productType = "com.apple.product-type.application";
		};
/* End PBXNativeTarget section */

/* Begin PBXProject section */
		29B97313FDCFA39411CA2CEA /* Project object */ = {
			isa = PBXProject;
			buildConfigurationList = C01FCF4E08A954540054247B /* Build configuration list for PBXProject "WorkshopOne" */;
			compatibilityVersion = "Xcode 3.1";
			hasScannedForEncodings = 1;
			mainGroup = 29B97314FDCFA39411CA2CEA /* CustomTemplate */;
			projectDirPath = "";
			projectRoot = "";
			targets = (
				1D6058900D05DD3D006BFB54 /* WorkshopOne */,
			);
		};
/* End PBXProject section */

/* Begin PBXResourcesBuildPhase section */
		1D60588D0D05DD3D006BFB54 /* Resources */ = {
			isa = PBXResourcesBuildPhase;
			buildActionMask = 2147483647;
			files = (
				28AD733F0D9D9553002E5188 /* MainWindow.xib in Resources */,
				580D3AB61182F0E60048057B /* ArticleNavigationViewController.xib in Resources */,
				580D3AC81182F2E90048057B /* MainViewController.xib in Resources */,
				586365E411A141D30045773E /* MainWindow_iPad.xib in Resources */,
				5863663611A148460045773E /* MainViewController_iPad.xib in Resources */,
				5863664611A149610045773E /* ArticleNavigationViewController_iPad.xib in Resources */,
				5861C59011A2990A005C9AAA /* btn_back.png in Resources */,
				5861C59111A2990A005C9AAA /* btn_toc.png in Resources */,
				5861C5A811A29FFC005C9AAA /* ArticleViewController_iPad.xib in Resources */,
				5861C5A911A29FFC005C9AAA /* ArticleViewController.xib in Resources */,
				5837C58B11B50F8D00BFD023 /* Content in Resources */,
				5888EE1611B91A38000F8910 /* BottomNavigationView.xib in Resources */,
				580893AC11BCEDB9006366DD /* LibraryView.xib in Resources */,
				580893AE11BCEDCA006366DD /* LibraryView_iPad.xib in Resources */,
				580893EA11BCF56A006366DD /* LibraryPageView.xib in Resources */,
				580893EC11BCF578006366DD /* LibraryPageView_iPad.xib in Resources */,
				586A418111C24D2700FB2DC4 /* ImageBrowserView_iPad.xib in Resources */,
			);
			runOnlyForDeploymentPostprocessing = 0;
		};
/* End PBXResourcesBuildPhase section */

/* Begin PBXSourcesBuildPhase section */
		1D60588E0D05DD3D006BFB54 /* Sources */ = {
			isa = PBXSourcesBuildPhase;
			buildActionMask = 2147483647;
			files = (
				1D60589B0D05DD56006BFB54 /* main.m in Sources */,
				586369D311A169D40045773E /* MainViewController.mm in Sources */,
				5861C58B11A29651005C9AAA /* RecordNavigationLeftItem.m in Sources */,
				5861C5AC11A2A006005C9AAA /* RecordViewController.mm in Sources */,
				5861C5F311A2A5BB005C9AAA /* RecordSelectorViewController.mm in Sources */,
				5846DA9011A599E30042C637 /* RecordNavigationViewController.mm in Sources */,
				587C0ED511AD47AF004BA812 /* Window.m in Sources */,
				585EB87A11B7D9E300BDDD2E /* RecordWebView.m in Sources */,
				580893AA11BCEDA6006366DD /* OverviewViewController.mm in Sources */,
				580893DE11BCF321006366DD /* OverviewPageViewController.mm in Sources */,
				580893E111BCF33A006366DD /* OverviewItemView.mm in Sources */,
				580893FD11BCF8BE006366DD /* RecordModel.mm in Sources */,
				586A421E11C26D8F00FB2DC4 /* ImageBrowserViewController.mm in Sources */,
				C1D75643120A0B900099810A /* MainPadAppDelegate.mm in Sources */,
				C1D7564B120A0BBA0099810A /* ImageView.mm in Sources */,
			);
			runOnlyForDeploymentPostprocessing = 0;
		};
/* End PBXSourcesBuildPhase section */

/* Begin XCBuildConfiguration section */
		1D6058940D05DD3E006BFB54 /* Debug */ = {
			isa = XCBuildConfiguration;
			buildSettings = {
				ALWAYS_SEARCH_USER_PATHS = NO;
				ARCHS = "$(ARCHS_UNIVERSAL_IPHONE_OS)";
				CODE_SIGN_IDENTITY = "Don't Code Sign";
				"CODE_SIGN_IDENTITY[sdk=iphoneos*]" = "Don't Code Sign";
				COPY_PHASE_STRIP = NO;
				GCC_DYNAMIC_NO_PIC = NO;
				GCC_OPTIMIZATION_LEVEL = 0;
				GCC_PRECOMPILE_PREFIX_HEADER = YES;
				GCC_PREFIX_HEADER = WorkshopOne_Prefix.pch;
				GCC_THUMB_SUPPORT = YES;
				HEADER_SEARCH_PATHS = "";
				INFOPLIST_FILE = "WorkshopOne-Info.plist";
				LIBRARY_SEARCH_PATHS = "";
				MACOSX_DEPLOYMENT_TARGET = 10.5;
				"New Setting" = "";
				OTHER_LDFLAGS = "";
				PRODUCT_NAME = WorkshopOne;
				PROVISIONING_PROFILE = "";
				"PROVISIONING_PROFILE[sdk=iphoneos*]" = "";
				SDKROOT = iphoneos3.2;
				TARGETED_DEVICE_FAMILY = "1,2";
			};
			name = Debug;
		};
		1D6058950D05DD3E006BFB54 /* Release */ = {
			isa = XCBuildConfiguration;
			buildSettings = {
				ALWAYS_SEARCH_USER_PATHS = NO;
				ARCHS = "$(ARCHS_UNIVERSAL_IPHONE_OS)";
				CODE_SIGN_IDENTITY = "Don't Code Sign";
				"CODE_SIGN_IDENTITY[sdk=iphoneos*]" = "Don't Code Sign";
				COPY_PHASE_STRIP = YES;
				GCC_PRECOMPILE_PREFIX_HEADER = YES;
				GCC_PREFIX_HEADER = WorkshopOne_Prefix.pch;
				GCC_THUMB_SUPPORT = NO;
				HEADER_SEARCH_PATHS = "";
				INFOPLIST_FILE = "WorkshopOne-Info.plist";
				LIBRARY_SEARCH_PATHS = "";
				MACOSX_DEPLOYMENT_TARGET = 10.5;
				"New Setting" = "";
				OTHER_LDFLAGS = "";
				PRODUCT_NAME = WorkshopOne;
				PROVISIONING_PROFILE = "";
				"PROVISIONING_PROFILE[sdk=iphoneos*]" = "";
				SDKROOT = iphoneos3.2;
				TARGETED_DEVICE_FAMILY = "1,2";
				VALIDATE_PRODUCT = YES;
			};
			name = Release;
		};
		C01FCF4F08A954540054247B /* Debug */ = {
			isa = XCBuildConfiguration;
			buildSettings = {
				ARCHS = "$(ARCHS_UNIVERSAL_IPHONE_OS)";
				"CODE_SIGN_IDENTITY[sdk=iphoneos*]" = "Don't Code Sign";
				GCC_C_LANGUAGE_STANDARD = c99;
				GCC_WARN_ABOUT_RETURN_TYPE = YES;
				GCC_WARN_UNUSED_VARIABLE = YES;
				MACOSX_DEPLOYMENT_TARGET = 10.6;
				PREBINDING = NO;
				"PROVISIONING_PROFILE[sdk=iphoneos*]" = "";
				SDKROOT = iphoneos3.2;
				TARGETED_DEVICE_FAMILY = 2;
			};
			name = Debug;
		};
		C01FCF5008A954540054247B /* Release */ = {
			isa = XCBuildConfiguration;
			buildSettings = {
				ARCHS = "$(ARCHS_UNIVERSAL_IPHONE_OS)";
				"CODE_SIGN_IDENTITY[sdk=iphoneos*]" = "Don't Code Sign";
				GCC_C_LANGUAGE_STANDARD = c99;
				GCC_THUMB_SUPPORT = NO;
				GCC_WARN_ABOUT_RETURN_TYPE = YES;
				GCC_WARN_UNUSED_VARIABLE = YES;
				MACOSX_DEPLOYMENT_TARGET = 10.6;
				OTHER_CFLAGS = "-DNS_BLOCK_ASSERTIONS=1";
				PREBINDING = NO;
				"PROVISIONING_PROFILE[sdk=iphoneos*]" = "";
				SDKROOT = iphoneos3.2;
				TARGETED_DEVICE_FAMILY = 2;
			};
			name = Release;
		};
/* End XCBuildConfiguration section */

/* Begin XCConfigurationList section */
		1D6058960D05DD3E006BFB54 /* Build configuration list for PBXNativeTarget "WorkshopOne" */ = {
			isa = XCConfigurationList;
			buildConfigurations = (
				1D6058940D05DD3E006BFB54 /* Debug */,
				1D6058950D05DD3E006BFB54 /* Release */,
			);
			defaultConfigurationIsVisible = 0;
			defaultConfigurationName = Release;
		};
		C01FCF4E08A954540054247B /* Build configuration list for PBXProject "WorkshopOne" */ = {
			isa = XCConfigurationList;
			buildConfigurations = (
				C01FCF4F08A954540054247B /* Debug */,
				C01FCF5008A954540054247B /* Release */,
			);
			defaultConfigurationIsVisible = 0;
			defaultConfigurationName = Release;
		};
/* End XCConfigurationList section */
	};
	rootObject = 29B97313FDCFA39411CA2CEA /* Project object */;
}
