// !$*UTF8*$!
{
	archiveVersion = 1;
	classes = {
	};
	objectVersion = 46;
	objects = {

/* Begin PBXBuildFile section */
		1D60589B0D05DD56006BFB54 /* main.m in Sources */ = {isa = PBXBuildFile; fileRef = 29B97316FDCFA39411CA2CEA /* main.m */; };
		1D60589F0D05DD5A006BFB54 /* Foundation.framework in Frameworks */ = {isa = PBXBuildFile; fileRef = 1D30AB110D05D00D00671497 /* Foundation.framework */; };
		1DF5F4E00D08C38300B7A737 /* UIKit.framework in Frameworks */ = {isa = PBXBuildFile; fileRef = 1DF5F4DF0D08C38300B7A737 /* UIKit.framework */; };
		2892E4100DC94CBA00A64D0F /* CoreGraphics.framework in Frameworks */ = {isa = PBXBuildFile; fileRef = 2892E40F0DC94CBA00A64D0F /* CoreGraphics.framework */; };
		C10A772512663D6600F9F4EA /* ItemWebView.mm in Sources */ = {isa = PBXBuildFile; fileRef = C10A772412663D6600F9F4EA /* ItemWebView.mm */; };
		C16F6E321251028C000C3C71 /* icon.jpg in Resources */ = {isa = PBXBuildFile; fileRef = C16F6E311251028C000C3C71 /* icon.jpg */; };
		C16F72591251044F000C3C71 /* SwipeViewController.mm in Sources */ = {isa = PBXBuildFile; fileRef = C16F72571251044F000C3C71 /* SwipeViewController.mm */; };
		C16F725A1251044F000C3C71 /* SwipeViewController.xib in Resources */ = {isa = PBXBuildFile; fileRef = C16F72581251044F000C3C71 /* SwipeViewController.xib */; };
		C16F729A12510724000C3C71 /* PictureView.mm in Sources */ = {isa = PBXBuildFile; fileRef = C16F729912510724000C3C71 /* PictureView.mm */; };
		C16F744712513422000C3C71 /* MainWindow_iPad.xib in Resources */ = {isa = PBXBuildFile; fileRef = C16F744612513422000C3C71 /* MainWindow_iPad.xib */; };
		C1760DC5126F8D4F00C52DC2 /* AppDelegate.m in Sources */ = {isa = PBXBuildFile; fileRef = C1760DC4126F8D4F00C52DC2 /* AppDelegate.m */; };
		C1760DDE126F8E5600C52DC2 /* StudentController.m in Sources */ = {isa = PBXBuildFile; fileRef = C1760DDD126F8E5600C52DC2 /* StudentController.m */; };
		C17B4FA512623893004525F2 /* QuartzCore.framework in Frameworks */ = {isa = PBXBuildFile; fileRef = C17B4FA412623893004525F2 /* QuartzCore.framework */; };
		C17B51E51262583F004525F2 /* ItemViewController.mm in Sources */ = {isa = PBXBuildFile; fileRef = C17B51E31262583F004525F2 /* ItemViewController.mm */; };
		C17B51F1126258DD004525F2 /* ItemPageView.mm in Sources */ = {isa = PBXBuildFile; fileRef = C17B51EE126258DD004525F2 /* ItemPageView.mm */; };
		C17B51F2126258DD004525F2 /* Item.mm in Sources */ = {isa = PBXBuildFile; fileRef = C17B51F0126258DD004525F2 /* Item.mm */; };
		C1A4BA7E125CE8B0001144E1 /* FullScreenViewController.mm in Sources */ = {isa = PBXBuildFile; fileRef = C1A4BA7C125CE8B0001144E1 /* FullScreenViewController.mm */; };
		C1A9A8CD1260C265001385CA /* Data in Resources */ = {isa = PBXBuildFile; fileRef = C1A9A8C91260C265001385CA /* Data */; };
		C1B2AD8E127334740035DF19 /* Block2.plist in Resources */ = {isa = PBXBuildFile; fileRef = C1B2AD8D127334740035DF19 /* Block2.plist */; };
		C1B2ADB6127337A30035DF19 /* Logo.jpg in Resources */ = {isa = PBXBuildFile; fileRef = C1B2ADB5127337A30035DF19 /* Logo.jpg */; };
		C1D9E74F1263ABC800983B65 /* ListViewController.mm in Sources */ = {isa = PBXBuildFile; fileRef = C1D9E74D1263ABC800983B65 /* ListViewController.mm */; };
		C1D9E7501263ABC800983B65 /* ListViewController.xib in Resources */ = {isa = PBXBuildFile; fileRef = C1D9E74E1263ABC800983B65 /* ListViewController.xib */; };
/* End PBXBuildFile section */

/* Begin PBXFileReference section */
		1D30AB110D05D00D00671497 /* Foundation.framework */ = {isa = PBXFileReference; lastKnownFileType = wrapper.framework; name = Foundation.framework; path = System/Library/Frameworks/Foundation.framework; sourceTree = SDKROOT; };
		1D6058910D05DD3D006BFB54 /* iCompetence.app */ = {isa = PBXFileReference; explicitFileType = wrapper.application; includeInIndex = 0; path = iCompetence.app; sourceTree = BUILT_PRODUCTS_DIR; };
		1DF5F4DF0D08C38300B7A737 /* UIKit.framework */ = {isa = PBXFileReference; lastKnownFileType = wrapper.framework; name = UIKit.framework; path = System/Library/Frameworks/UIKit.framework; sourceTree = SDKROOT; };
		2892E40F0DC94CBA00A64D0F /* CoreGraphics.framework */ = {isa = PBXFileReference; lastKnownFileType = wrapper.framework; name = CoreGraphics.framework; path = System/Library/Frameworks/CoreGraphics.framework; sourceTree = SDKROOT; };
		29B97316FDCFA39411CA2CEA /* main.m */ = {isa = PBXFileReference; fileEncoding = 4; lastKnownFileType = sourcecode.c.objc; path = main.m; sourceTree = "<group>"; };
		C10A772312663D6600F9F4EA /* ItemWebView.h */ = {isa = PBXFileReference; fileEncoding = 4; lastKnownFileType = sourcecode.c.h; path = ItemWebView.h; sourceTree = "<group>"; };
		C10A772412663D6600F9F4EA /* ItemWebView.mm */ = {isa = PBXFileReference; fileEncoding = 4; lastKnownFileType = sourcecode.cpp.objcpp; path = ItemWebView.mm; sourceTree = "<group>"; };
		C16F6E311251028C000C3C71 /* icon.jpg */ = {isa = PBXFileReference; lastKnownFileType = image.jpeg; name = icon.jpg; path = Resources/icon.jpg; sourceTree = "<group>"; };
		C16F72561251044F000C3C71 /* SwipeViewController.h */ = {isa = PBXFileReference; fileEncoding = 4; lastKnownFileType = sourcecode.c.h; path = SwipeViewController.h; sourceTree = "<group>"; };
		C16F72571251044F000C3C71 /* SwipeViewController.mm */ = {isa = PBXFileReference; fileEncoding = 4; lastKnownFileType = sourcecode.cpp.objcpp; path = SwipeViewController.mm; sourceTree = "<group>"; };
		C16F72581251044F000C3C71 /* SwipeViewController.xib */ = {isa = PBXFileReference; lastKnownFileType = file.xib; name = SwipeViewController.xib; path = Classes/SwipeViewController.xib; sourceTree = "<group>"; };
		C16F729812510724000C3C71 /* PictureView.h */ = {isa = PBXFileReference; fileEncoding = 4; lastKnownFileType = sourcecode.c.h; path = PictureView.h; sourceTree = "<group>"; };
		C16F729912510724000C3C71 /* PictureView.mm */ = {isa = PBXFileReference; fileEncoding = 4; lastKnownFileType = sourcecode.cpp.objcpp; path = PictureView.mm; sourceTree = "<group>"; };
		C16F744612513422000C3C71 /* MainWindow_iPad.xib */ = {isa = PBXFileReference; lastKnownFileType = file.xib; path = MainWindow_iPad.xib; sourceTree = "<group>"; };
		C1760DC3126F8D4F00C52DC2 /* AppDelegate.h */ = {isa = PBXFileReference; fileEncoding = 4; lastKnownFileType = sourcecode.c.h; path = AppDelegate.h; sourceTree = "<group>"; };
		C1760DC4126F8D4F00C52DC2 /* AppDelegate.m */ = {isa = PBXFileReference; fileEncoding = 4; lastKnownFileType = sourcecode.c.objc; path = AppDelegate.m; sourceTree = "<group>"; };
		C1760DDC126F8E5600C52DC2 /* StudentController.h */ = {isa = PBXFileReference; fileEncoding = 4; lastKnownFileType = sourcecode.c.h; path = StudentController.h; sourceTree = "<group>"; };
		C1760DDD126F8E5600C52DC2 /* StudentController.m */ = {isa = PBXFileReference; fileEncoding = 4; lastKnownFileType = sourcecode.c.objc; path = StudentController.m; sourceTree = "<group>"; };
		C17B4FA412623893004525F2 /* QuartzCore.framework */ = {isa = PBXFileReference; lastKnownFileType = wrapper.framework; name = QuartzCore.framework; path = System/Library/Frameworks/QuartzCore.framework; sourceTree = SDKROOT; };
		C17B51E21262583F004525F2 /* ItemViewController.h */ = {isa = PBXFileReference; fileEncoding = 4; lastKnownFileType = sourcecode.c.h; path = ItemViewController.h; sourceTree = "<group>"; };
		C17B51E31262583F004525F2 /* ItemViewController.mm */ = {isa = PBXFileReference; fileEncoding = 4; lastKnownFileType = sourcecode.cpp.objcpp; path = ItemViewController.mm; sourceTree = "<group>"; };
		C17B51ED126258DD004525F2 /* ItemPageView.h */ = {isa = PBXFileReference; fileEncoding = 4; lastKnownFileType = sourcecode.c.h; path = ItemPageView.h; sourceTree = "<group>"; };
		C17B51EE126258DD004525F2 /* ItemPageView.mm */ = {isa = PBXFileReference; fileEncoding = 4; lastKnownFileType = sourcecode.cpp.objcpp; path = ItemPageView.mm; sourceTree = "<group>"; };
		C17B51EF126258DD004525F2 /* Item.h */ = {isa = PBXFileReference; fileEncoding = 4; lastKnownFileType = sourcecode.c.h; path = Item.h; sourceTree = "<group>"; };
		C17B51F0126258DD004525F2 /* Item.mm */ = {isa = PBXFileReference; fileEncoding = 4; lastKnownFileType = sourcecode.cpp.objcpp; path = Item.mm; sourceTree = "<group>"; };
		C1A4BA7B125CE8B0001144E1 /* FullScreenViewController.h */ = {isa = PBXFileReference; fileEncoding = 4; lastKnownFileType = sourcecode.c.h; path = FullScreenViewController.h; sourceTree = "<group>"; };
		C1A4BA7C125CE8B0001144E1 /* FullScreenViewController.mm */ = {isa = PBXFileReference; fileEncoding = 4; lastKnownFileType = sourcecode.cpp.objcpp; path = FullScreenViewController.mm; sourceTree = "<group>"; };
		C1A9A8C91260C265001385CA /* Data */ = {isa = PBXFileReference; lastKnownFileType = folder; path = Data; sourceTree = "<group>"; };
		C1B2AD8C1273346B0035DF19 /* Block2_Prefix.pch */ = {isa = PBXFileReference; fileEncoding = 4; lastKnownFileType = sourcecode.c.h; path = Block2_Prefix.pch; sourceTree = "<group>"; };
		C1B2AD8D127334740035DF19 /* Block2.plist */ = {isa = PBXFileReference; fileEncoding = 4; lastKnownFileType = text.plist.xml; path = Block2.plist; sourceTree = "<group>"; };
		C1B2ADB5127337A30035DF19 /* Logo.jpg */ = {isa = PBXFileReference; lastKnownFileType = image.jpeg; name = Logo.jpg; path = Resources/Logo.jpg; sourceTree = "<group>"; };
		C1D9E74C1263ABC800983B65 /* ListViewController.h */ = {isa = PBXFileReference; fileEncoding = 4; lastKnownFileType = sourcecode.c.h; path = ListViewController.h; sourceTree = "<group>"; };
		C1D9E74D1263ABC800983B65 /* ListViewController.mm */ = {isa = PBXFileReference; fileEncoding = 4; lastKnownFileType = sourcecode.cpp.objcpp; path = ListViewController.mm; sourceTree = "<group>"; };
		C1D9E74E1263ABC800983B65 /* ListViewController.xib */ = {isa = PBXFileReference; lastKnownFileType = file.xib; name = ListViewController.xib; path = Classes/ListViewController.xib; sourceTree = "<group>"; };
/* End PBXFileReference section */

/* Begin PBXFrameworksBuildPhase section */
		1D60588F0D05DD3D006BFB54 /* Frameworks */ = {
			isa = PBXFrameworksBuildPhase;
			buildActionMask = 2147483647;
			files = (
				1D60589F0D05DD5A006BFB54 /* Foundation.framework in Frameworks */,
				1DF5F4E00D08C38300B7A737 /* UIKit.framework in Frameworks */,
				2892E4100DC94CBA00A64D0F /* CoreGraphics.framework in Frameworks */,
				C17B4FA512623893004525F2 /* QuartzCore.framework in Frameworks */,
			);
			runOnlyForDeploymentPostprocessing = 0;
		};
/* End PBXFrameworksBuildPhase section */

/* Begin PBXGroup section */
		080E96DDFE201D6D7F000001 /* Classes */ = {
			isa = PBXGroup;
			children = (
				C1B184DF126CC92C0097C362 /* others */,
				C1A9912C1260B882001385CA /* FullScreenView */,
				C17B51E112625836004525F2 /* ItemView */,
				C1A9912D1260B895001385CA /* GeneralViews */,
				C1F1D103126B2095000E5D7F /* notUsedViews */,
			);
			path = Classes;
			sourceTree = "<group>";
		};
		19C28FACFE9D520D11CA2CBB /* Products */ = {
			isa = PBXGroup;
			children = (
				1D6058910D05DD3D006BFB54 /* iCompetence.app */,
			);
			name = Products;
			sourceTree = "<group>";
		};
		29B97314FDCFA39411CA2CEA /* CustomTemplate */ = {
			isa = PBXGroup;
			children = (
				C1760DE0126F8E6200C52DC2 /* Student */,
				C1A9A8C91260C265001385CA /* Data */,
				080E96DDFE201D6D7F000001 /* Classes */,
				29B97315FDCFA39411CA2CEA /* Other Sources */,
				29B97317FDCFA39411CA2CEA /* Resources */,
				29B97323FDCFA39411CA2CEA /* Frameworks */,
				19C28FACFE9D520D11CA2CBB /* Products */,
			);
			name = CustomTemplate;
			sourceTree = "<group>";
		};
		29B97315FDCFA39411CA2CEA /* Other Sources */ = {
			isa = PBXGroup;
			children = (
				C1B2AD8C1273346B0035DF19 /* Block2_Prefix.pch */,
				29B97316FDCFA39411CA2CEA /* main.m */,
			);
			name = "Other Sources";
			sourceTree = "<group>";
		};
		29B97317FDCFA39411CA2CEA /* Resources */ = {
			isa = PBXGroup;
			children = (
				C1B2ADB5127337A30035DF19 /* Logo.jpg */,
				C1B2AD8D127334740035DF19 /* Block2.plist */,
				C16F72861251064E000C3C71 /* XIB */,
				C16F6E311251028C000C3C71 /* icon.jpg */,
			);
			name = Resources;
			sourceTree = "<group>";
		};
		29B97323FDCFA39411CA2CEA /* Frameworks */ = {
			isa = PBXGroup;
			children = (
				1DF5F4DF0D08C38300B7A737 /* UIKit.framework */,
				1D30AB110D05D00D00671497 /* Foundation.framework */,
				2892E40F0DC94CBA00A64D0F /* CoreGraphics.framework */,
				C17B4FA412623893004525F2 /* QuartzCore.framework */,
			);
			name = Frameworks;
			sourceTree = "<group>";
		};
		C16F72861251064E000C3C71 /* XIB */ = {
			isa = PBXGroup;
			children = (
				C1D9E74E1263ABC800983B65 /* ListViewController.xib */,
				C16F744612513422000C3C71 /* MainWindow_iPad.xib */,
				C16F72581251044F000C3C71 /* SwipeViewController.xib */,
			);
			name = XIB;
			sourceTree = "<group>";
		};
		C16F72AB12510820000C3C71 /* SwipeView */ = {
			isa = PBXGroup;
			children = (
				C16F72561251044F000C3C71 /* SwipeViewController.h */,
				C16F72571251044F000C3C71 /* SwipeViewController.mm */,
			);
			name = SwipeView;
			sourceTree = "<group>";
		};
		C1760DE0126F8E6200C52DC2 /* Student */ = {
			isa = PBXGroup;
			children = (
				C16F72AB12510820000C3C71 /* SwipeView */,
				C1D9E74B1263ABBF00983B65 /* ListView */,
				C1760DC3126F8D4F00C52DC2 /* AppDelegate.h */,
				C1760DC4126F8D4F00C52DC2 /* AppDelegate.m */,
				C17B51EF126258DD004525F2 /* Item.h */,
				C17B51F0126258DD004525F2 /* Item.mm */,
			);
			name = Student;
			path = Classes;
			sourceTree = "<group>";
		};
		C17B51E112625836004525F2 /* ItemView */ = {
			isa = PBXGroup;
			children = (
				C17B51E21262583F004525F2 /* ItemViewController.h */,
				C17B51E31262583F004525F2 /* ItemViewController.mm */,
			);
			name = ItemView;
			sourceTree = "<group>";
		};
		C1A9912C1260B882001385CA /* FullScreenView */ = {
			isa = PBXGroup;
			children = (
			);
			name = FullScreenView;
			sourceTree = "<group>";
		};
		C1A9912D1260B895001385CA /* GeneralViews */ = {
			isa = PBXGroup;
			children = (
				C16F729812510724000C3C71 /* PictureView.h */,
				C16F729912510724000C3C71 /* PictureView.mm */,
				C17B51ED126258DD004525F2 /* ItemPageView.h */,
				C17B51EE126258DD004525F2 /* ItemPageView.mm */,
			);
			name = GeneralViews;
			sourceTree = "<group>";
		};
		C1B184DF126CC92C0097C362 /* others */ = {
			isa = PBXGroup;
			children = (
				C1760DDC126F8E5600C52DC2 /* StudentController.h */,
				C1760DDD126F8E5600C52DC2 /* StudentController.m */,
			);
			name = others;
			sourceTree = "<group>";
		};
		C1D9E74B1263ABBF00983B65 /* ListView */ = {
			isa = PBXGroup;
			children = (
				C1D9E74C1263ABC800983B65 /* ListViewController.h */,
				C1D9E74D1263ABC800983B65 /* ListViewController.mm */,
			);
			name = ListView;
			sourceTree = "<group>";
		};
		C1F1D103126B2095000E5D7F /* notUsedViews */ = {
			isa = PBXGroup;
			children = (
				C1A4BA7B125CE8B0001144E1 /* FullScreenViewController.h */,
				C1A4BA7C125CE8B0001144E1 /* FullScreenViewController.mm */,
				C10A772312663D6600F9F4EA /* ItemWebView.h */,
				C10A772412663D6600F9F4EA /* ItemWebView.mm */,
			);
			name = notUsedViews;
			sourceTree = "<group>";
		};
/* End PBXGroup section */

/* Begin PBXNativeTarget section */
		1D6058900D05DD3D006BFB54 /* iCompetence */ = {
			isa = PBXNativeTarget;
			buildConfigurationList = 1D6058960D05DD3E006BFB54 /* Build configuration list for PBXNativeTarget "iCompetence" */;
			buildPhases = (
				1D60588D0D05DD3D006BFB54 /* Resources */,
				1D60588E0D05DD3D006BFB54 /* Sources */,
				1D60588F0D05DD3D006BFB54 /* Frameworks */,
			);
			buildRules = (
			);
			dependencies = (
			);
			name = iCompetence;
			productName = WorkshopOne2;
			productReference = 1D6058910D05DD3D006BFB54 /* iCompetence.app */;
			productType = "com.apple.product-type.application";
		};
/* End PBXNativeTarget section */

/* Begin PBXProject section */
		29B97313FDCFA39411CA2CEA /* Project object */ = {
			isa = PBXProject;
			buildConfigurationList = C01FCF4E08A954540054247B /* Build configuration list for PBXProject "Block2" */;
			compatibilityVersion = "Xcode 3.2";
			developmentRegion = English;
			hasScannedForEncodings = 1;
			knownRegions = (
				English,
				Japanese,
				French,
				German,
				en,
			);
			mainGroup = 29B97314FDCFA39411CA2CEA /* CustomTemplate */;
			projectDirPath = "";
			projectRoot = "";
			targets = (
				1D6058900D05DD3D006BFB54 /* iCompetence */,
			);
		};
/* End PBXProject section */

/* Begin PBXResourcesBuildPhase section */
		1D60588D0D05DD3D006BFB54 /* Resources */ = {
			isa = PBXResourcesBuildPhase;
			buildActionMask = 2147483647;
			files = (
				C16F6E321251028C000C3C71 /* icon.jpg in Resources */,
				C16F725A1251044F000C3C71 /* SwipeViewController.xib in Resources */,
				C16F744712513422000C3C71 /* MainWindow_iPad.xib in Resources */,
				C1A9A8CD1260C265001385CA /* Data in Resources */,
				C1D9E7501263ABC800983B65 /* ListViewController.xib in Resources */,
				C1B2AD8E127334740035DF19 /* Block2.plist in Resources */,
				C1B2ADB6127337A30035DF19 /* Logo.jpg in Resources */,
			);
			runOnlyForDeploymentPostprocessing = 0;
		};
/* End PBXResourcesBuildPhase section */

/* Begin PBXSourcesBuildPhase section */
		1D60588E0D05DD3D006BFB54 /* Sources */ = {
			isa = PBXSourcesBuildPhase;
			buildActionMask = 2147483647;
			files = (
				1D60589B0D05DD56006BFB54 /* main.m in Sources */,
				C16F72591251044F000C3C71 /* SwipeViewController.mm in Sources */,
				C16F729A12510724000C3C71 /* PictureView.mm in Sources */,
				C1A4BA7E125CE8B0001144E1 /* FullScreenViewController.mm in Sources */,
				C17B51E51262583F004525F2 /* ItemViewController.mm in Sources */,
				C17B51F1126258DD004525F2 /* ItemPageView.mm in Sources */,
				C17B51F2126258DD004525F2 /* Item.mm in Sources */,
				C1D9E74F1263ABC800983B65 /* ListViewController.mm in Sources */,
				C10A772512663D6600F9F4EA /* ItemWebView.mm in Sources */,
				C1760DC5126F8D4F00C52DC2 /* AppDelegate.m in Sources */,
				C1760DDE126F8E5600C52DC2 /* StudentController.m in Sources */,
			);
			runOnlyForDeploymentPostprocessing = 0;
		};
/* End PBXSourcesBuildPhase section */

/* Begin XCBuildConfiguration section */
		1D6058940D05DD3E006BFB54 /* Debug */ = {
			isa = XCBuildConfiguration;
			buildSettings = {
				ALWAYS_SEARCH_USER_PATHS = NO;
				COPY_PHASE_STRIP = NO;
				GCC_DYNAMIC_NO_PIC = NO;
				GCC_OPTIMIZATION_LEVEL = 0;
				GCC_PRECOMPILE_PREFIX_HEADER = YES;
				GCC_PREFIX_HEADER = Block2_Prefix.pch;
				INFOPLIST_FILE = Block2.plist;
				PRODUCT_NAME = iCompetence;
			};
			name = Debug;
		};
		1D6058950D05DD3E006BFB54 /* Release */ = {
			isa = XCBuildConfiguration;
			buildSettings = {
				ALWAYS_SEARCH_USER_PATHS = NO;
				COPY_PHASE_STRIP = YES;
				GCC_PRECOMPILE_PREFIX_HEADER = YES;
				GCC_PREFIX_HEADER = Block2_Prefix.pch;
				INFOPLIST_FILE = Block2.plist;
				PRODUCT_NAME = iCompetence;
				VALIDATE_PRODUCT = YES;
			};
			name = Release;
		};
		C01FCF4F08A954540054247B /* Debug */ = {
			isa = XCBuildConfiguration;
			buildSettings = {
				ARCHS = "$(ARCHS_UNIVERSAL_IPHONE_OS)";
				"CODE_SIGN_IDENTITY[sdk=iphoneos*]" = "iPhone Developer";
				GCC_C_LANGUAGE_STANDARD = c99;
				GCC_WARN_ABOUT_RETURN_TYPE = YES;
				GCC_WARN_UNUSED_VARIABLE = YES;
				PREBINDING = NO;
				SDKROOT = iphoneos3.2;
				TARGETED_DEVICE_FAMILY = 2;
			};
			name = Debug;
		};
		C01FCF5008A954540054247B /* Release */ = {
			isa = XCBuildConfiguration;
			buildSettings = {
				ARCHS = "$(ARCHS_UNIVERSAL_IPHONE_OS)";
				"CODE_SIGN_IDENTITY[sdk=iphoneos*]" = "iPhone Developer";
				GCC_C_LANGUAGE_STANDARD = c99;
				GCC_WARN_ABOUT_RETURN_TYPE = YES;
				GCC_WARN_UNUSED_VARIABLE = YES;
				OTHER_CFLAGS = "-DNS_BLOCK_ASSERTIONS=1";
				PREBINDING = NO;
				SDKROOT = iphoneos3.2;
				TARGETED_DEVICE_FAMILY = 2;
			};
			name = Release;
		};
/* End XCBuildConfiguration section */

/* Begin XCConfigurationList section */
		1D6058960D05DD3E006BFB54 /* Build configuration list for PBXNativeTarget "iCompetence" */ = {
			isa = XCConfigurationList;
			buildConfigurations = (
				1D6058940D05DD3E006BFB54 /* Debug */,
				1D6058950D05DD3E006BFB54 /* Release */,
			);
			defaultConfigurationIsVisible = 0;
			defaultConfigurationName = Release;
		};
		C01FCF4E08A954540054247B /* Build configuration list for PBXProject "Block2" */ = {
			isa = XCConfigurationList;
			buildConfigurations = (
				C01FCF4F08A954540054247B /* Debug */,
				C01FCF5008A954540054247B /* Release */,
			);
			defaultConfigurationIsVisible = 0;
			defaultConfigurationName = Release;
		};
/* End XCConfigurationList section */
	};
	rootObject = 29B97313FDCFA39411CA2CEA /* Project object */;
}
